
Microsoft Visual Studio Solution File, Format Version 12.00
# Visual Studio Version 17
VisualStudioVersion = 17.10.35122.118
MinimumVisualStudioVersion = 10.0.40219.1
Project("{FAE04EC0-301F-11D3-BF4B-00C04F79EFBC}") = "OrdersApi", "OrdersApi\OrdersApi.csproj", "{F1C08F1D-D5BB-4441-9421-A125E6FD4400}"
EndProject
Global
	GlobalSection(SolutionConfigurationPlatforms) = preSolution
		Debug|Any CPU = Debug|Any CPU
		Release|Any CPU = Release|Any CPU
	EndGlobalSection
	GlobalSection(ProjectConfigurationPlatforms) = postSolution
		{F1C08F1D-D5BB-4441-9421-A125E6FD4400}.Debug|Any CPU.ActiveCfg = Debug|Any CPU
		{F1C08F1D-D5BB-4441-9421-A125E6FD4400}.Debug|Any CPU.Build.0 = Debug|Any CPU
		{F1C08F1D-D5BB-4441-9421-A125E6FD4400}.Release|Any CPU.ActiveCfg = Release|Any CPU
		{F1C08F1D-D5BB-4441-9421-A125E6FD4400}.Release|Any CPU.Build.0 = Release|Any CPU
	EndGlobalSection
	GlobalSection(SolutionProperties) = preSolution
		HideSolutionNode = FALSE
	EndGlobalSection
	GlobalSection(ExtensibilityGlobals) = postSolution
		SolutionGuid = {9E1EC1FC-309A-4974-B575-93BCE9754BB4}
	EndGlobalSection
EndGlobal
